
Microsoft Visual Studio Solution File, Format Version 12.00
# Visual Studio Version 17
VisualStudioVersion = 17.7.34031.279
MinimumVisualStudioVersion = 10.0.40219.1
Project("{9A19103F-16F7-4668-BE54-9A1E7A4F7556}") = "GodotRepro", "GodotRepro.csproj", "{219EF6C7-EB03-4F8F-8728-3306A233F704}"
EndProject
Global
	GlobalSection(SolutionConfigurationPlatforms) = preSolution
		Debug|Any CPU = Debug|Any CPU
		ExportDebug|Any CPU = ExportDebug|Any CPU
		ExportRelease|Any CPU = ExportRelease|Any CPU
		Release|Any CPU = Release|Any CPU
	EndGlobalSection
	GlobalSection(ProjectConfigurationPlatforms) = postSolution
		{219EF6C7-EB03-4F8F-8728-3306A233F704}.Debug|Any CPU.ActiveCfg = Debug|Any CPU
		{219EF6C7-EB03-4F8F-8728-3306A233F704}.Debug|Any CPU.Build.0 = Debug|Any CPU
		{219EF6C7-EB03-4F8F-8728-3306A233F704}.ExportDebug|Any CPU.ActiveCfg = ExportDebug|Any CPU
		{219EF6C7-EB03-4F8F-8728-3306A233F704}.ExportDebug|Any CPU.Build.0 = ExportDebug|Any CPU
		{219EF6C7-EB03-4F8F-8728-3306A233F704}.ExportRelease|Any CPU.ActiveCfg = ExportRelease|Any CPU
		{219EF6C7-EB03-4F8F-8728-3306A233F704}.ExportRelease|Any CPU.Build.0 = ExportRelease|Any CPU
		{219EF6C7-EB03-4F8F-8728-3306A233F704}.Release|Any CPU.ActiveCfg = ExportRelease|Any CPU
		{219EF6C7-EB03-4F8F-8728-3306A233F704}.Release|Any CPU.Build.0 = ExportRelease|Any CPU
	EndGlobalSection
	GlobalSection(SolutionProperties) = preSolution
		HideSolutionNode = FALSE
	EndGlobalSection
	GlobalSection(ExtensibilityGlobals) = postSolution
		SolutionGuid = {B2FB9E5A-7357-42EE-811A-2F11D79E155C}
	EndGlobalSection
	GlobalSection(SharedMSBuildProjectFiles) = preSolution
		..\..\Tanagra\Tanagra.projitems*{219ef6c7-eb03-4f8f-8728-3306a233f704}*SharedItemsImports = 5
	EndGlobalSection
EndGlobal
